github.com/ProlificLabs/json-opt v0.0.2 h1:t272hvdrrrrdrKOVmHPrn8VZ2zZOsA8+3DTLaXDT5q0=
github.com/ProlificLabs/json-opt v0.0.2/go.mod h1:CJDC5kpLKoRY0RYk6fbkDfeKWQp0zs87RvMIGRU0KhU=
github.com/aarondl/opt v0.0.0-20240623220848-083f18ab9536 h1:vhpjulzH5Tr4S3uJ3Y/9pNL481kPq5ERj13ceAW0/uE=
github.com/aarondl/opt v0.0.0-20240623220848-083f18ab9536/go.mod h1:l4/5NZtYd/SIohsFhaJQQe+sPOTG22furpZ5FvcYOzk=
